
Microsoft Visual Studio Solution File, Format Version 12.00
# Visual Studio Version 17
VisualStudioVersion = 17.9.34622.214
MinimumVisualStudioVersion = 10.0.40219.1
Project("{FAE04EC0-301F-11D3-BF4B-00C04F79EFBC}") = "Robô Tupiniquim", "Robô Tupiniquim.csproj", "{4FD96605-38E4-4BAB-9942-FD6F6476F4E5}"
EndProject
Global
	GlobalSection(SolutionConfigurationPlatforms) = preSolution
		Debug|Any CPU = Debug|Any CPU
		Release|Any CPU = Release|Any CPU
	EndGlobalSection
	GlobalSection(ProjectConfigurationPlatforms) = postSolution
		{4FD96605-38E4-4BAB-9942-FD6F6476F4E5}.Debug|Any CPU.ActiveCfg = Debug|Any CPU
		{4FD96605-38E4-4BAB-9942-FD6F6476F4E5}.Debug|Any CPU.Build.0 = Debug|Any CPU
		{4FD96605-38E4-4BAB-9942-FD6F6476F4E5}.Release|Any CPU.ActiveCfg = Release|Any CPU
		{4FD96605-38E4-4BAB-9942-FD6F6476F4E5}.Release|Any CPU.Build.0 = Release|Any CPU
	EndGlobalSection
	GlobalSection(SolutionProperties) = preSolution
		HideSolutionNode = FALSE
	EndGlobalSection
	GlobalSection(ExtensibilityGlobals) = postSolution
		SolutionGuid = {BB61B20B-088E-42C8-9D46-86B932461EBB}
	EndGlobalSection
EndGlobal
